
Microsoft Visual Studio Solution File, Format Version 12.00
# Visual Studio 14
VisualStudioVersion = 14.0.25420.1
MinimumVisualStudioVersion = 10.0.40219.1
Project("{FAE04EC0-301F-11D3-BF4B-00C04F79EFBC}") = "SmaNa.Droid", "SmaNa\SmaNa.Droid\SmaNa.Droid.csproj", "{2E9B1983-3642-4F62-B2AC-2FF0E3690818}"
EndProject
Project("{FAE04EC0-301F-11D3-BF4B-00C04F79EFBC}") = "SmaNa.iOS", "SmaNa\SmaNa.iOS\SmaNa.iOS.csproj", "{904B40C5-4D6B-45F0-A6B0-3176EBFAA3D9}"
EndProject
Project("{FAE04EC0-301F-11D3-BF4B-00C04F79EFBC}") = "SmaNa.WinPhone", "SmaNa\SmaNa.WinPhone\SmaNa.WinPhone.csproj", "{536CF59D-1AB6-4120-B11E-2DD755F3C893}"
EndProject
Project("{FAE04EC0-301F-11D3-BF4B-00C04F79EFBC}") = "SmaNa", "SmaNa\SmaNa\SmaNa.csproj", "{2079F021-0D84-474B-BD18-268C366357A8}"
EndProject
Global
	GlobalSection(SolutionConfigurationPlatforms) = preSolution
		Ad-Hoc|Any CPU = Ad-Hoc|Any CPU
		Ad-Hoc|ARM = Ad-Hoc|ARM
		Ad-Hoc|iPhone = Ad-Hoc|iPhone
		Ad-Hoc|iPhoneSimulator = Ad-Hoc|iPhoneSimulator
		Ad-Hoc|x86 = Ad-Hoc|x86
		AppStore|Any CPU = AppStore|Any CPU
		AppStore|ARM = AppStore|ARM
		AppStore|iPhone = AppStore|iPhone
		AppStore|iPhoneSimulator = AppStore|iPhoneSimulator
		AppStore|x86 = AppStore|x86
		Debug|Any CPU = Debug|Any CPU
		Debug|ARM = Debug|ARM
		Debug|iPhone = Debug|iPhone
		Debug|iPhoneSimulator = Debug|iPhoneSimulator
		Debug|x86 = Debug|x86
		Release|Any CPU = Release|Any CPU
		Release|ARM = Release|ARM
		Release|iPhone = Release|iPhone
		Release|iPhoneSimulator = Release|iPhoneSimulator
		Release|x86 = Release|x86
	EndGlobalSection
	GlobalSection(ProjectConfigurationPlatforms) = postSolution
		{2E9B1983-3642-4F62-B2AC-2FF0E3690818}.Ad-Hoc|Any CPU.ActiveCfg = Release|Any CPU
		{2E9B1983-3642-4F62-B2AC-2FF0E3690818}.Ad-Hoc|Any CPU.Build.0 = Release|Any CPU
		{2E9B1983-3642-4F62-B2AC-2FF0E3690818}.Ad-Hoc|Any CPU.Deploy.0 = Release|Any CPU
		{2E9B1983-3642-4F62-B2AC-2FF0E3690818}.Ad-Hoc|ARM.ActiveCfg = Release|Any CPU
		{2E9B1983-3642-4F62-B2AC-2FF0E3690818}.Ad-Hoc|ARM.Build.0 = Release|Any CPU
		{2E9B1983-3642-4F62-B2AC-2FF0E3690818}.Ad-Hoc|ARM.Deploy.0 = Release|Any CPU
		{2E9B1983-3642-4F62-B2AC-2FF0E3690818}.Ad-Hoc|iPhone.ActiveCfg = Release|Any CPU
		{2E9B1983-3642-4F62-B2AC-2FF0E3690818}.Ad-Hoc|iPhone.Build.0 = Release|Any CPU
		{2E9B1983-3642-4F62-B2AC-2FF0E3690818}.Ad-Hoc|iPhone.Deploy.0 = Release|Any CPU
		{2E9B1983-3642-4F62-B2AC-2FF0E3690818}.Ad-Hoc|iPhoneSimulator.ActiveCfg = Release|Any CPU
		{2E9B1983-3642-4F62-B2AC-2FF0E3690818}.Ad-Hoc|iPhoneSimulator.Build.0 = Release|Any CPU
		{2E9B1983-3642-4F62-B2AC-2FF0E3690818}.Ad-Hoc|iPhoneSimulator.Deploy.0 = Release|Any CPU
		{2E9B1983-3642-4F62-B2AC-2FF0E3690818}.Ad-Hoc|x86.ActiveCfg = Release|Any CPU
		{2E9B1983-3642-4F62-B2AC-2FF0E3690818}.Ad-Hoc|x86.Build.0 = Release|Any CPU
		{2E9B1983-3642-4F62-B2AC-2FF0E3690818}.Ad-Hoc|x86.Deploy.0 = Release|Any CPU
		{2E9B1983-3642-4F62-B2AC-2FF0E3690818}.AppStore|Any CPU.ActiveCfg = Release|Any CPU
		{2E9B1983-3642-4F62-B2AC-2FF0E3690818}.AppStore|Any CPU.Build.0 = Release|Any CPU
		{2E9B1983-3642-4F62-B2AC-2FF0E3690818}.AppStore|Any CPU.Deploy.0 = Release|Any CPU
		{2E9B1983-3642-4F62-B2AC-2FF0E3690818}.AppStore|ARM.ActiveCfg = Release|Any CPU
		{2E9B1983-3642-4F62-B2AC-2FF0E3690818}.AppStore|ARM.Build.0 = Release|Any CPU
		{2E9B1983-3642-4F62-B2AC-2FF0E3690818}.AppStore|ARM.Deploy.0 = Release|Any CPU
		{2E9B1983-3642-4F62-B2AC-2FF0E3690818}.AppStore|iPhone.ActiveCfg = Release|Any CPU
		{2E9B1983-3642-4F62-B2AC-2FF0E3690818}.AppStore|iPhone.Build.0 = Release|Any CPU
		{2E9B1983-3642-4F62-B2AC-2FF0E3690818}.AppStore|iPhone.Deploy.0 = Release|Any CPU
		{2E9B1983-3642-4F62-B2AC-2FF0E3690818}.AppStore|iPhoneSimulator.ActiveCfg = Release|Any CPU
		{2E9B1983-3642-4F62-B2AC-2FF0E3690818}.AppStore|iPhoneSimulator.Build.0 = Release|Any CPU
		{2E9B1983-3642-4F62-B2AC-2FF0E3690818}.AppStore|iPhoneSimulator.Deploy.0 = Release|Any CPU
		{2E9B1983-3642-4F62-B2AC-2FF0E3690818}.AppStore|x86.ActiveCfg = Release|Any CPU
		{2E9B1983-3642-4F62-B2AC-2FF0E3690818}.AppStore|x86.Build.0 = Release|Any CPU
		{2E9B1983-3642-4F62-B2AC-2FF0E3690818}.AppStore|x86.Deploy.0 = Release|Any CPU
		{2E9B1983-3642-4F62-B2AC-2FF0E3690818}.Debug|Any CPU.ActiveCfg = Debug|Any CPU
		{2E9B1983-3642-4F62-B2AC-2FF0E3690818}.Debug|Any CPU.Build.0 = Debug|Any CPU
		{2E9B1983-3642-4F62-B2AC-2FF0E3690818}.Debug|Any CPU.Deploy.0 = Debug|Any CPU
		{2E9B1983-3642-4F62-B2AC-2FF0E3690818}.Debug|ARM.ActiveCfg = Debug|Any CPU
		{2E9B1983-3642-4F62-B2AC-2FF0E3690818}.Debug|ARM.Build.0 = Debug|Any CPU
		{2E9B1983-3642-4F62-B2AC-2FF0E3690818}.Debug|ARM.Deploy.0 = Debug|Any CPU
		{2E9B1983-3642-4F62-B2AC-2FF0E3690818}.Debug|iPhone.ActiveCfg = Debug|Any CPU
		{2E9B1983-3642-4F62-B2AC-2FF0E3690818}.Debug|iPhone.Build.0 = Debug|Any CPU
		{2E9B1983-3642-4F62-B2AC-2FF0E3690818}.Debug|iPhone.Deploy.0 = Debug|Any CPU
		{2E9B1983-3642-4F62-B2AC-2FF0E3690818}.Debug|iPhoneSimulator.ActiveCfg = Debug|Any CPU
		{2E9B1983-3642-4F62-B2AC-2FF0E3690818}.Debug|iPhoneSimulator.Build.0 = Debug|Any CPU
		{2E9B1983-3642-4F62-B2AC-2FF0E3690818}.Debug|iPhoneSimulator.Deploy.0 = Debug|Any CPU
		{2E9B1983-3642-4F62-B2AC-2FF0E3690818}.Debug|x86.ActiveCfg = Debug|Any CPU
		{2E9B1983-3642-4F62-B2AC-2FF0E3690818}.Debug|x86.Build.0 = Debug|Any CPU
		{2E9B1983-3642-4F62-B2AC-2FF0E3690818}.Debug|x86.Deploy.0 = Debug|Any CPU
		{2E9B1983-3642-4F62-B2AC-2FF0E3690818}.Release|Any CPU.ActiveCfg = Release|Any CPU
		{2E9B1983-3642-4F62-B2AC-2FF0E3690818}.Release|Any CPU.Build.0 = Release|Any CPU
		{2E9B1983-3642-4F62-B2AC-2FF0E3690818}.Release|Any CPU.Deploy.0 = Release|Any CPU
		{2E9B1983-3642-4F62-B2AC-2FF0E3690818}.Release|ARM.ActiveCfg = Release|Any CPU
		{2E9B1983-3642-4F62-B2AC-2FF0E3690818}.Release|ARM.Build.0 = Release|Any CPU
		{2E9B1983-3642-4F62-B2AC-2FF0E3690818}.Release|ARM.Deploy.0 = Release|Any CPU
		{2E9B1983-3642-4F62-B2AC-2FF0E3690818}.Release|iPhone.ActiveCfg = Release|Any CPU
		{2E9B1983-3642-4F62-B2AC-2FF0E3690818}.Release|iPhone.Build.0 = Release|Any CPU
		{2E9B1983-3642-4F62-B2AC-2FF0E3690818}.Release|iPhone.Deploy.0 = Release|Any CPU
		{2E9B1983-3642-4F62-B2AC-2FF0E3690818}.Release|iPhoneSimulator.ActiveCfg = Release|Any CPU
		{2E9B1983-3642-4F62-B2AC-2FF0E3690818}.Release|iPhoneSimulator.Build.0 = Release|Any CPU
		{2E9B1983-3642-4F62-B2AC-2FF0E3690818}.Release|iPhoneSimulator.Deploy.0 = Release|Any CPU
		{2E9B1983-3642-4F62-B2AC-2FF0E3690818}.Release|x86.ActiveCfg = Release|Any CPU
		{2E9B1983-3642-4F62-B2AC-2FF0E3690818}.Release|x86.Build.0 = Release|Any CPU
		{2E9B1983-3642-4F62-B2AC-2FF0E3690818}.Release|x86.Deploy.0 = Release|Any CPU
		{904B40C5-4D6B-45F0-A6B0-3176EBFAA3D9}.Ad-Hoc|Any CPU.ActiveCfg = Ad-Hoc|iPhone
		{904B40C5-4D6B-45F0-A6B0-3176EBFAA3D9}.Ad-Hoc|ARM.ActiveCfg = Ad-Hoc|iPhone
		{904B40C5-4D6B-45F0-A6B0-3176EBFAA3D9}.Ad-Hoc|iPhone.ActiveCfg = Ad-Hoc|iPhone
		{904B40C5-4D6B-45F0-A6B0-3176EBFAA3D9}.Ad-Hoc|iPhone.Build.0 = Ad-Hoc|iPhone
		{904B40C5-4D6B-45F0-A6B0-3176EBFAA3D9}.Ad-Hoc|iPhoneSimulator.ActiveCfg = Ad-Hoc|iPhoneSimulator
		{904B40C5-4D6B-45F0-A6B0-3176EBFAA3D9}.Ad-Hoc|iPhoneSimulator.Build.0 = Ad-Hoc|iPhoneSimulator
		{904B40C5-4D6B-45F0-A6B0-3176EBFAA3D9}.Ad-Hoc|x86.ActiveCfg = Ad-Hoc|iPhone
		{904B40C5-4D6B-45F0-A6B0-3176EBFAA3D9}.AppStore|Any CPU.ActiveCfg = AppStore|iPhone
		{904B40C5-4D6B-45F0-A6B0-3176EBFAA3D9}.AppStore|ARM.ActiveCfg = AppStore|iPhone
		{904B40C5-4D6B-45F0-A6B0-3176EBFAA3D9}.AppStore|iPhone.ActiveCfg = AppStore|iPhone
		{904B40C5-4D6B-45F0-A6B0-3176EBFAA3D9}.AppStore|iPhone.Build.0 = AppStore|iPhone
		{904B40C5-4D6B-45F0-A6B0-3176EBFAA3D9}.AppStore|iPhoneSimulator.ActiveCfg = AppStore|iPhoneSimulator
		{904B40C5-4D6B-45F0-A6B0-3176EBFAA3D9}.AppStore|iPhoneSimulator.Build.0 = AppStore|iPhoneSimulator
		{904B40C5-4D6B-45F0-A6B0-3176EBFAA3D9}.AppStore|x86.ActiveCfg = AppStore|iPhone
		{904B40C5-4D6B-45F0-A6B0-3176EBFAA3D9}.Debug|Any CPU.ActiveCfg = Debug|iPhone
		{904B40C5-4D6B-45F0-A6B0-3176EBFAA3D9}.Debug|ARM.ActiveCfg = Debug|iPhone
		{904B40C5-4D6B-45F0-A6B0-3176EBFAA3D9}.Debug|iPhone.ActiveCfg = Debug|iPhone
		{904B40C5-4D6B-45F0-A6B0-3176EBFAA3D9}.Debug|iPhone.Build.0 = Debug|iPhone
		{904B40C5-4D6B-45F0-A6B0-3176EBFAA3D9}.Debug|iPhoneSimulator.ActiveCfg = Debug|iPhoneSimulator
		{904B40C5-4D6B-45F0-A6B0-3176EBFAA3D9}.Debug|iPhoneSimulator.Build.0 = Debug|iPhoneSimulator
		{904B40C5-4D6B-45F0-A6B0-3176EBFAA3D9}.Debug|x86.ActiveCfg = Debug|iPhone
		{904B40C5-4D6B-45F0-A6B0-3176EBFAA3D9}.Release|Any CPU.ActiveCfg = Release|iPhone
		{904B40C5-4D6B-45F0-A6B0-3176EBFAA3D9}.Release|ARM.ActiveCfg = Release|iPhone
		{904B40C5-4D6B-45F0-A6B0-3176EBFAA3D9}.Release|iPhone.ActiveCfg = Release|iPhone
		{904B40C5-4D6B-45F0-A6B0-3176EBFAA3D9}.Release|iPhone.Build.0 = Release|iPhone
		{904B40C5-4D6B-45F0-A6B0-3176EBFAA3D9}.Release|iPhoneSimulator.ActiveCfg = Release|iPhoneSimulator
		{904B40C5-4D6B-45F0-A6B0-3176EBFAA3D9}.Release|iPhoneSimulator.Build.0 = Release|iPhoneSimulator
		{904B40C5-4D6B-45F0-A6B0-3176EBFAA3D9}.Release|x86.ActiveCfg = Release|iPhone
		{536CF59D-1AB6-4120-B11E-2DD755F3C893}.Ad-Hoc|Any CPU.ActiveCfg = Release|Any CPU
		{536CF59D-1AB6-4120-B11E-2DD755F3C893}.Ad-Hoc|Any CPU.Build.0 = Release|Any CPU
		{536CF59D-1AB6-4120-B11E-2DD755F3C893}.Ad-Hoc|Any CPU.Deploy.0 = Release|Any CPU
		{536CF59D-1AB6-4120-B11E-2DD755F3C893}.Ad-Hoc|ARM.ActiveCfg = Release|ARM
		{536CF59D-1AB6-4120-B11E-2DD755F3C893}.Ad-Hoc|ARM.Build.0 = Release|ARM
		{536CF59D-1AB6-4120-B11E-2DD755F3C893}.Ad-Hoc|ARM.Deploy.0 = Release|ARM
		{536CF59D-1AB6-4120-B11E-2DD755F3C893}.Ad-Hoc|iPhone.ActiveCfg = Release|Any CPU
		{536CF59D-1AB6-4120-B11E-2DD755F3C893}.Ad-Hoc|iPhone.Build.0 = Release|Any CPU
		{536CF59D-1AB6-4120-B11E-2DD755F3C893}.Ad-Hoc|iPhone.Deploy.0 = Release|Any CPU
		{536CF59D-1AB6-4120-B11E-2DD755F3C893}.Ad-Hoc|iPhoneSimulator.ActiveCfg = Release|Any CPU
		{536CF59D-1AB6-4120-B11E-2DD755F3C893}.Ad-Hoc|iPhoneSimulator.Build.0 = Release|Any CPU
		{536CF59D-1AB6-4120-B11E-2DD755F3C893}.Ad-Hoc|iPhoneSimulator.Deploy.0 = Release|Any CPU
		{536CF59D-1AB6-4120-B11E-2DD755F3C893}.Ad-Hoc|x86.ActiveCfg = Release|x86
		{536CF59D-1AB6-4120-B11E-2DD755F3C893}.Ad-Hoc|x86.Build.0 = Release|x86
		{536CF59D-1AB6-4120-B11E-2DD755F3C893}.Ad-Hoc|x86.Deploy.0 = Release|x86
		{536CF59D-1AB6-4120-B11E-2DD755F3C893}.AppStore|Any CPU.ActiveCfg = Release|Any CPU
		{536CF59D-1AB6-4120-B11E-2DD755F3C893}.AppStore|Any CPU.Build.0 = Release|Any CPU
		{536CF59D-1AB6-4120-B11E-2DD755F3C893}.AppStore|Any CPU.Deploy.0 = Release|Any CPU
		{536CF59D-1AB6-4120-B11E-2DD755F3C893}.AppStore|ARM.ActiveCfg = Release|ARM
		{536CF59D-1AB6-4120-B11E-2DD755F3C893}.AppStore|ARM.Build.0 = Release|ARM
		{536CF59D-1AB6-4120-B11E-2DD755F3C893}.AppStore|ARM.Deploy.0 = Release|ARM
		{536CF59D-1AB6-4120-B11E-2DD755F3C893}.AppStore|iPhone.ActiveCfg = Release|Any CPU
		{536CF59D-1AB6-4120-B11E-2DD755F3C893}.AppStore|iPhone.Build.0 = Release|Any CPU
		{536CF59D-1AB6-4120-B11E-2DD755F3C893}.AppStore|iPhone.Deploy.0 = Release|Any CPU
		{536CF59D-1AB6-4120-B11E-2DD755F3C893}.AppStore|iPhoneSimulator.ActiveCfg = Release|Any CPU
		{536CF59D-1AB6-4120-B11E-2DD755F3C893}.AppStore|iPhoneSimulator.Build.0 = Release|Any CPU
		{536CF59D-1AB6-4120-B11E-2DD755F3C893}.AppStore|iPhoneSimulator.Deploy.0 = Release|Any CPU
		{536CF59D-1AB6-4120-B11E-2DD755F3C893}.AppStore|x86.ActiveCfg = Release|x86
		{536CF59D-1AB6-4120-B11E-2DD755F3C893}.AppStore|x86.Build.0 = Release|x86
		{536CF59D-1AB6-4120-B11E-2DD755F3C893}.AppStore|x86.Deploy.0 = Release|x86
		{536CF59D-1AB6-4120-B11E-2DD755F3C893}.Debug|Any CPU.ActiveCfg = Debug|Any CPU
		{536CF59D-1AB6-4120-B11E-2DD755F3C893}.Debug|ARM.ActiveCfg = Debug|ARM
		{536CF59D-1AB6-4120-B11E-2DD755F3C893}.Debug|ARM.Build.0 = Debug|ARM
		{536CF59D-1AB6-4120-B11E-2DD755F3C893}.Debug|ARM.Deploy.0 = Debug|ARM
		{536CF59D-1AB6-4120-B11E-2DD755F3C893}.Debug|iPhone.ActiveCfg = Debug|Any CPU
		{536CF59D-1AB6-4120-B11E-2DD755F3C893}.Debug|iPhone.Build.0 = Debug|Any CPU
		{536CF59D-1AB6-4120-B11E-2DD755F3C893}.Debug|iPhone.Deploy.0 = Debug|Any CPU
		{536CF59D-1AB6-4120-B11E-2DD755F3C893}.Debug|iPhoneSimulator.ActiveCfg = Debug|Any CPU
		{536CF59D-1AB6-4120-B11E-2DD755F3C893}.Debug|iPhoneSimulator.Build.0 = Debug|Any CPU
		{536CF59D-1AB6-4120-B11E-2DD755F3C893}.Debug|iPhoneSimulator.Deploy.0 = Debug|Any CPU
		{536CF59D-1AB6-4120-B11E-2DD755F3C893}.Debug|x86.ActiveCfg = Debug|x86
		{536CF59D-1AB6-4120-B11E-2DD755F3C893}.Debug|x86.Build.0 = Debug|x86
		{536CF59D-1AB6-4120-B11E-2DD755F3C893}.Debug|x86.Deploy.0 = Debug|x86
		{536CF59D-1AB6-4120-B11E-2DD755F3C893}.Release|Any CPU.ActiveCfg = Release|Any CPU
		{536CF59D-1AB6-4120-B11E-2DD755F3C893}.Release|Any CPU.Build.0 = Release|Any CPU
		{536CF59D-1AB6-4120-B11E-2DD755F3C893}.Release|Any CPU.Deploy.0 = Release|Any CPU
		{536CF59D-1AB6-4120-B11E-2DD755F3C893}.Release|ARM.ActiveCfg = Release|ARM
		{536CF59D-1AB6-4120-B11E-2DD755F3C893}.Release|ARM.Build.0 = Release|ARM
		{536CF59D-1AB6-4120-B11E-2DD755F3C893}.Release|ARM.Deploy.0 = Release|ARM
		{536CF59D-1AB6-4120-B11E-2DD755F3C893}.Release|iPhone.ActiveCfg = Release|Any CPU
		{536CF59D-1AB6-4120-B11E-2DD755F3C893}.Release|iPhone.Build.0 = Release|Any CPU
		{536CF59D-1AB6-4120-B11E-2DD755F3C893}.Release|iPhone.Deploy.0 = Release|Any CPU
		{536CF59D-1AB6-4120-B11E-2DD755F3C893}.Release|iPhoneSimulator.ActiveCfg = Release|Any CPU
		{536CF59D-1AB6-4120-B11E-2DD755F3C893}.Release|iPhoneSimulator.Build.0 = Release|Any CPU
		{536CF59D-1AB6-4120-B11E-2DD755F3C893}.Release|iPhoneSimulator.Deploy.0 = Release|Any CPU
		{536CF59D-1AB6-4120-B11E-2DD755F3C893}.Release|x86.ActiveCfg = Release|x86
		{536CF59D-1AB6-4120-B11E-2DD755F3C893}.Release|x86.Build.0 = Release|x86
		{536CF59D-1AB6-4120-B11E-2DD755F3C893}.Release|x86.Deploy.0 = Release|x86
		{2079F021-0D84-474B-BD18-268C366357A8}.Ad-Hoc|Any CPU.ActiveCfg = Release|Any CPU
		{2079F021-0D84-474B-BD18-268C366357A8}.Ad-Hoc|Any CPU.Build.0 = Release|Any CPU
		{2079F021-0D84-474B-BD18-268C366357A8}.Ad-Hoc|ARM.ActiveCfg = Release|Any CPU
		{2079F021-0D84-474B-BD18-268C366357A8}.Ad-Hoc|ARM.Build.0 = Release|Any CPU
		{2079F021-0D84-474B-BD18-268C366357A8}.Ad-Hoc|iPhone.ActiveCfg = Release|Any CPU
		{2079F021-0D84-474B-BD18-268C366357A8}.Ad-Hoc|iPhone.Build.0 = Release|Any CPU
		{2079F021-0D84-474B-BD18-268C366357A8}.Ad-Hoc|iPhoneSimulator.ActiveCfg = Release|Any CPU
		{2079F021-0D84-474B-BD18-268C366357A8}.Ad-Hoc|iPhoneSimulator.Build.0 = Release|Any CPU
		{2079F021-0D84-474B-BD18-268C366357A8}.Ad-Hoc|x86.ActiveCfg = Release|Any CPU
		{2079F021-0D84-474B-BD18-268C366357A8}.Ad-Hoc|x86.Build.0 = Release|Any CPU
		{2079F021-0D84-474B-BD18-268C366357A8}.AppStore|Any CPU.ActiveCfg = Release|Any CPU
		{2079F021-0D84-474B-BD18-268C366357A8}.AppStore|Any CPU.Build.0 = Release|Any CPU
		{2079F021-0D84-474B-BD18-268C366357A8}.AppStore|ARM.ActiveCfg = Release|Any CPU
		{2079F021-0D84-474B-BD18-268C366357A8}.AppStore|ARM.Build.0 = Release|Any CPU
		{2079F021-0D84-474B-BD18-268C366357A8}.AppStore|iPhone.ActiveCfg = Release|Any CPU
		{2079F021-0D84-474B-BD18-268C366357A8}.AppStore|iPhone.Build.0 = Release|Any CPU
		{2079F021-0D84-474B-BD18-268C366357A8}.AppStore|iPhoneSimulator.ActiveCfg = Release|Any CPU
		{2079F021-0D84-474B-BD18-268C366357A8}.AppStore|iPhoneSimulator.Build.0 = Release|Any CPU
		{2079F021-0D84-474B-BD18-268C366357A8}.AppStore|x86.ActiveCfg = Release|Any CPU
		{2079F021-0D84-474B-BD18-268C366357A8}.AppStore|x86.Build.0 = Release|Any CPU
		{2079F021-0D84-474B-BD18-268C366357A8}.Debug|Any CPU.ActiveCfg = Debug|Any CPU
		{2079F021-0D84-474B-BD18-268C366357A8}.Debug|Any CPU.Build.0 = Debug|Any CPU
		{2079F021-0D84-474B-BD18-268C366357A8}.Debug|ARM.ActiveCfg = Debug|Any CPU
		{2079F021-0D84-474B-BD18-268C366357A8}.Debug|ARM.Build.0 = Debug|Any CPU
		{2079F021-0D84-474B-BD18-268C366357A8}.Debug|iPhone.ActiveCfg = Debug|Any CPU
		{2079F021-0D84-474B-BD18-268C366357A8}.Debug|iPhone.Build.0 = Debug|Any CPU
		{2079F021-0D84-474B-BD18-268C366357A8}.Debug|iPhoneSimulator.ActiveCfg = Debug|Any CPU
		{2079F021-0D84-474B-BD18-268C366357A8}.Debug|iPhoneSimulator.Build.0 = Debug|Any CPU
		{2079F021-0D84-474B-BD18-268C366357A8}.Debug|x86.ActiveCfg = Debug|Any CPU
		{2079F021-0D84-474B-BD18-268C366357A8}.Debug|x86.Build.0 = Debug|Any CPU
		{2079F021-0D84-474B-BD18-268C366357A8}.Release|Any CPU.ActiveCfg = Release|Any CPU
		{2079F021-0D84-474B-BD18-268C366357A8}.Release|Any CPU.Build.0 = Release|Any CPU
		{2079F021-0D84-474B-BD18-268C366357A8}.Release|ARM.ActiveCfg = Release|Any CPU
		{2079F021-0D84-474B-BD18-268C366357A8}.Release|ARM.Build.0 = Release|Any CPU
		{2079F021-0D84-474B-BD18-268C366357A8}.Release|iPhone.ActiveCfg = Release|Any CPU
		{2079F021-0D84-474B-BD18-268C366357A8}.Release|iPhone.Build.0 = Release|Any CPU
		{2079F021-0D84-474B-BD18-268C366357A8}.Release|iPhoneSimulator.ActiveCfg = Release|Any CPU
		{2079F021-0D84-474B-BD18-268C366357A8}.Release|iPhoneSimulator.Build.0 = Release|Any CPU
		{2079F021-0D84-474B-BD18-268C366357A8}.Release|x86.ActiveCfg = Release|Any CPU
		{2079F021-0D84-474B-BD18-268C366357A8}.Release|x86.Build.0 = Release|Any CPU
	EndGlobalSection
	GlobalSection(SolutionProperties) = preSolution
		HideSolutionNode = FALSE
	EndGlobalSection
EndGlobal
